// !$*UTF8*$!
{
	archiveVersion = 1;
	classes = {
	};
	objectVersion = 46;
	objects = {

/* Begin PBXBuildFile section */
		2F3BEFC51C8A665800337F18 /* PNCollectionViewController.swift in Sources */ = {isa = PBXBuildFile; fileRef = 2F3BEFC41C8A665800337F18 /* PNCollectionViewController.swift */; };
		2F3BEFC71C8A831600337F18 /* Meter.swift in Sources */ = {isa = PBXBuildFile; fileRef = 2F3BEFC61C8A831600337F18 /* Meter.swift */; };
		2F3BEFC91C8B916A00337F18 /* PNMapSliderView.swift in Sources */ = {isa = PBXBuildFile; fileRef = 2F3BEFC81C8B916A00337F18 /* PNMapSliderView.swift */; };
		2F3BEFCB1C8B951C00337F18 /* PNMapSliderView.xib in Resources */ = {isa = PBXBuildFile; fileRef = 2F3BEFCA1C8B951C00337F18 /* PNMapSliderView.xib */; };
		2F5FB2991CC46C000045E6DA /* DHConstraintBuilder.framework in Frameworks */ = {isa = PBXBuildFile; fileRef = 2F5FB2971CC46C000045E6DA /* DHConstraintBuilder.framework */; };
		2F5FB29A1CC46C000045E6DA /* DHConstraintBuilder.framework in Embed Frameworks */ = {isa = PBXBuildFile; fileRef = 2F5FB2971CC46C000045E6DA /* DHConstraintBuilder.framework */; settings = {ATTRIBUTES = (CodeSignOnCopy, RemoveHeadersOnCopy, ); }; };
		2F5FB29B1CC46C000045E6DA /* LocationManager.framework in Frameworks */ = {isa = PBXBuildFile; fileRef = 2F5FB2981CC46C000045E6DA /* LocationManager.framework */; };
		2F5FB29C1CC46C000045E6DA /* LocationManager.framework in Embed Frameworks */ = {isa = PBXBuildFile; fileRef = 2F5FB2981CC46C000045E6DA /* LocationManager.framework */; settings = {ATTRIBUTES = (CodeSignOnCopy, RemoveHeadersOnCopy, ); }; };
		2FCA4AE31C8DEEEB0032FBD1 /* PNCollectionViewHeader.swift in Sources */ = {isa = PBXBuildFile; fileRef = 2FCA4AE21C8DEEEB0032FBD1 /* PNCollectionViewHeader.swift */; };
		2FFAD4DD1C8D553700894949 /* PNInstagramPhotoModel.swift in Sources */ = {isa = PBXBuildFile; fileRef = 2FFAD4DC1C8D553700894949 /* PNInstagramPhotoModel.swift */; };
		2FFAD4DF1C8D564100894949 /* CLLocationCoordinate2D+Extension.swift in Sources */ = {isa = PBXBuildFile; fileRef = 2FFAD4DE1C8D564100894949 /* CLLocationCoordinate2D+Extension.swift */; };
		2FFAD4E11C8D56BF00894949 /* UIView+Extension.swift in Sources */ = {isa = PBXBuildFile; fileRef = 2FFAD4E01C8D56BF00894949 /* UIView+Extension.swift */; };
		2FFAD4E31C8D571500894949 /* PNInstagramSessionManager.swift in Sources */ = {isa = PBXBuildFile; fileRef = 2FFAD4E21C8D571500894949 /* PNInstagramSessionManager.swift */; };
		2FFAD4E51C8D577600894949 /* PNDownloadManager.swift in Sources */ = {isa = PBXBuildFile; fileRef = 2FFAD4E41C8D577600894949 /* PNDownloadManager.swift */; };
		2FFAD50C1C8D69F500894949 /* AppDelegate.swift in Sources */ = {isa = PBXBuildFile; fileRef = 2FFAD50B1C8D69F500894949 /* AppDelegate.swift */; };
		2FFAD50E1C8D69F500894949 /* ViewController.swift in Sources */ = {isa = PBXBuildFile; fileRef = 2FFAD50D1C8D69F500894949 /* ViewController.swift */; };
		2FFAD5111C8D69F500894949 /* Main.storyboard in Resources */ = {isa = PBXBuildFile; fileRef = 2FFAD50F1C8D69F500894949 /* Main.storyboard */; };
		2FFAD5131C8D69F500894949 /* Assets.xcassets in Resources */ = {isa = PBXBuildFile; fileRef = 2FFAD5121C8D69F500894949 /* Assets.xcassets */; };
		2FFAD5161C8D69F500894949 /* LaunchScreen.storyboard in Resources */ = {isa = PBXBuildFile; fileRef = 2FFAD5141C8D69F500894949 /* LaunchScreen.storyboard */; };
		2FFAD5211C8D69F500894949 /* PNInstagramPhotoModel_Tests.swift in Sources */ = {isa = PBXBuildFile; fileRef = 2FFAD5201C8D69F500894949 /* PNInstagramPhotoModel_Tests.swift */; };
		2FFAD52A1C8D6A9200894949 /* PNInstagramPhotoModel.swift in Sources */ = {isa = PBXBuildFile; fileRef = 2FFAD4DC1C8D553700894949 /* PNInstagramPhotoModel.swift */; };
		2FFAD52C1C8D6D1300894949 /* CLLocationCoordinate2D_Tests.swift in Sources */ = {isa = PBXBuildFile; fileRef = 2FFAD52B1C8D6D1300894949 /* CLLocationCoordinate2D_Tests.swift */; };
		2FFAD52D1C8D6D6C00894949 /* CLLocationCoordinate2D+Extension.swift in Sources */ = {isa = PBXBuildFile; fileRef = 2FFAD4DE1C8D564100894949 /* CLLocationCoordinate2D+Extension.swift */; };
		2FFAD52E1C8D6D7600894949 /* Meter.swift in Sources */ = {isa = PBXBuildFile; fileRef = 2F3BEFC61C8A831600337F18 /* Meter.swift */; };
		2FFAD5301C8D70A200894949 /* Meter_Tests.swift in Sources */ = {isa = PBXBuildFile; fileRef = 2FFAD52F1C8D70A200894949 /* Meter_Tests.swift */; };
		2FFAD5331C8D773000894949 /* PNInstagramPhotoManager.swift in Sources */ = {isa = PBXBuildFile; fileRef = 9729D5E41C8A2F7F009002E6 /* PNInstagramPhotoManager.swift */; };
		2FFAD5341C8D777800894949 /* PNDownloadManager.swift in Sources */ = {isa = PBXBuildFile; fileRef = 2FFAD4E41C8D577600894949 /* PNDownloadManager.swift */; };
		2FFAD5351C8D777B00894949 /* PNInstagramSessionManager.swift in Sources */ = {isa = PBXBuildFile; fileRef = 2FFAD4E21C8D571500894949 /* PNInstagramSessionManager.swift */; };
		2FFAD5361C8D778D00894949 /* PNCommon.swift in Sources */ = {isa = PBXBuildFile; fileRef = 9729D5E21C8A2D58009002E6 /* PNCommon.swift */; };
		2FFAD5381C8D79E800894949 /* PNInstagramPhotoManager_Tests.swift in Sources */ = {isa = PBXBuildFile; fileRef = 2FFAD5371C8D79E800894949 /* PNInstagramPhotoManager_Tests.swift */; };
		2FFAD53C1C8D7C3500894949 /* Mocks.swift in Sources */ = {isa = PBXBuildFile; fileRef = 2FFAD53B1C8D7C3500894949 /* Mocks.swift */; };
		9729D5BF1C89F306009002E6 /* AppDelegate.swift in Sources */ = {isa = PBXBuildFile; fileRef = 9729D5BE1C89F306009002E6 /* AppDelegate.swift */; };
		9729D5C11C89F306009002E6 /* PNMapViewController.swift in Sources */ = {isa = PBXBuildFile; fileRef = 9729D5C01C89F306009002E6 /* PNMapViewController.swift */; };
		9729D5C41C89F306009002E6 /* Main.storyboard in Resources */ = {isa = PBXBuildFile; fileRef = 9729D5C21C89F306009002E6 /* Main.storyboard */; };
		9729D5C61C89F306009002E6 /* Assets.xcassets in Resources */ = {isa = PBXBuildFile; fileRef = 9729D5C51C89F306009002E6 /* Assets.xcassets */; };
		9729D5C91C89F306009002E6 /* LaunchScreen.storyboard in Resources */ = {isa = PBXBuildFile; fileRef = 9729D5C71C89F306009002E6 /* LaunchScreen.storyboard */; };
		9729D5DF1C89F3E0009002E6 /* PNPicCellView.swift in Sources */ = {isa = PBXBuildFile; fileRef = 9729D5DE1C89F3E0009002E6 /* PNPicCellView.swift */; };
		9729D5E11C89F3FC009002E6 /* PNPicCellView.xib in Resources */ = {isa = PBXBuildFile; fileRef = 9729D5E01C89F3FC009002E6 /* PNPicCellView.xib */; };
		9729D5E31C8A2D58009002E6 /* PNCommon.swift in Sources */ = {isa = PBXBuildFile; fileRef = 9729D5E21C8A2D58009002E6 /* PNCommon.swift */; };
		9729D5E51C8A2F7F009002E6 /* PNInstagramPhotoManager.swift in Sources */ = {isa = PBXBuildFile; fileRef = 9729D5E41C8A2F7F009002E6 /* PNInstagramPhotoManager.swift */; };
		9729D5E91C8A306C009002E6 /* MapKit.framework in Frameworks */ = {isa = PBXBuildFile; fileRef = 9729D5E81C8A306C009002E6 /* MapKit.framework */; };
/* End PBXBuildFile section */

/* Begin PBXContainerItemProxy section */
		2FFAD51D1C8D69F500894949 /* PBXContainerItemProxy */ = {
			isa = PBXContainerItemProxy;
			containerPortal = 9729D5B31C89F306009002E6 /* Project object */;
			proxyType = 1;
			remoteGlobalIDString = 2FFAD5081C8D69F500894949;
			remoteInfo = TestHost;
		};
/* End PBXContainerItemProxy section */

/* Begin PBXCopyFilesBuildPhase section */
		2F5FB29D1CC46C010045E6DA /* Embed Frameworks */ = {
			isa = PBXCopyFilesBuildPhase;
			buildActionMask = 2147483647;
			dstPath = "";
			dstSubfolderSpec = 10;
			files = (
				2F5FB29A1CC46C000045E6DA /* DHConstraintBuilder.framework in Embed Frameworks */,
				2F5FB29C1CC46C000045E6DA /* LocationManager.framework in Embed Frameworks */,
			);
			name = "Embed Frameworks";
			runOnlyForDeploymentPostprocessing = 0;
		};
/* End PBXCopyFilesBuildPhase section */

/* Begin PBXFileReference section */
		2F3BEFC41C8A665800337F18 /* PNCollectionViewController.swift */ = {isa = PBXFileReference; fileEncoding = 4; lastKnownFileType = sourcecode.swift; path = PNCollectionViewController.swift; sourceTree = "<group>"; };
		2F3BEFC61C8A831600337F18 /* Meter.swift */ = {isa = PBXFileReference; fileEncoding = 4; lastKnownFileType = sourcecode.swift; path = Meter.swift; sourceTree = "<group>"; };
		2F3BEFC81C8B916A00337F18 /* PNMapSliderView.swift */ = {isa = PBXFileReference; fileEncoding = 4; lastKnownFileType = sourcecode.swift; path = PNMapSliderView.swift; sourceTree = "<group>"; };
		2F3BEFCA1C8B951C00337F18 /* PNMapSliderView.xib */ = {isa = PBXFileReference; fileEncoding = 4; lastKnownFileType = file.xib; path = PNMapSliderView.xib; sourceTree = "<group>"; };
		2F5FB2971CC46C000045E6DA /* DHConstraintBuilder.framework */ = {isa = PBXFileReference; lastKnownFileType = wrapper.framework; name = DHConstraintBuilder.framework; path = Carthage/Build/iOS/DHConstraintBuilder.framework; sourceTree = "<group>"; };
		2F5FB2981CC46C000045E6DA /* LocationManager.framework */ = {isa = PBXFileReference; lastKnownFileType = wrapper.framework; name = LocationManager.framework; path = Carthage/Build/iOS/LocationManager.framework; sourceTree = "<group>"; };
		2FCA4AE21C8DEEEB0032FBD1 /* PNCollectionViewHeader.swift */ = {isa = PBXFileReference; fileEncoding = 4; lastKnownFileType = sourcecode.swift; path = PNCollectionViewHeader.swift; sourceTree = "<group>"; };
		2FFAD4DC1C8D553700894949 /* PNInstagramPhotoModel.swift */ = {isa = PBXFileReference; fileEncoding = 4; lastKnownFileType = sourcecode.swift; path = PNInstagramPhotoModel.swift; sourceTree = "<group>"; };
		2FFAD4DE1C8D564100894949 /* CLLocationCoordinate2D+Extension.swift */ = {isa = PBXFileReference; fileEncoding = 4; lastKnownFileType = sourcecode.swift; path = "CLLocationCoordinate2D+Extension.swift"; sourceTree = "<group>"; };
		2FFAD4E01C8D56BF00894949 /* UIView+Extension.swift */ = {isa = PBXFileReference; fileEncoding = 4; lastKnownFileType = sourcecode.swift; path = "UIView+Extension.swift"; sourceTree = "<group>"; };
		2FFAD4E21C8D571500894949 /* PNInstagramSessionManager.swift */ = {isa = PBXFileReference; fileEncoding = 4; lastKnownFileType = sourcecode.swift; path = PNInstagramSessionManager.swift; sourceTree = "<group>"; };
		2FFAD4E41C8D577600894949 /* PNDownloadManager.swift */ = {isa = PBXFileReference; fileEncoding = 4; lastKnownFileType = sourcecode.swift; path = PNDownloadManager.swift; sourceTree = "<group>"; };
		2FFAD5091C8D69F500894949 /* TestHost.app */ = {isa = PBXFileReference; explicitFileType = wrapper.application; includeInIndex = 0; path = TestHost.app; sourceTree = BUILT_PRODUCTS_DIR; };
		2FFAD50B1C8D69F500894949 /* AppDelegate.swift */ = {isa = PBXFileReference; lastKnownFileType = sourcecode.swift; path = AppDelegate.swift; sourceTree = "<group>"; };
		2FFAD50D1C8D69F500894949 /* ViewController.swift */ = {isa = PBXFileReference; lastKnownFileType = sourcecode.swift; path = ViewController.swift; sourceTree = "<group>"; };
		2FFAD5101C8D69F500894949 /* Base */ = {isa = PBXFileReference; lastKnownFileType = file.storyboard; name = Base; path = Base.lproj/Main.storyboard; sourceTree = "<group>"; };
		2FFAD5121C8D69F500894949 /* Assets.xcassets */ = {isa = PBXFileReference; lastKnownFileType = folder.assetcatalog; path = Assets.xcassets; sourceTree = "<group>"; };
		2FFAD5151C8D69F500894949 /* Base */ = {isa = PBXFileReference; lastKnownFileType = file.storyboard; name = Base; path = Base.lproj/LaunchScreen.storyboard; sourceTree = "<group>"; };
		2FFAD5171C8D69F500894949 /* Info.plist */ = {isa = PBXFileReference; lastKnownFileType = text.plist.xml; path = Info.plist; sourceTree = "<group>"; };
		2FFAD51C1C8D69F500894949 /* TestHostTests.xctest */ = {isa = PBXFileReference; explicitFileType = wrapper.cfbundle; includeInIndex = 0; path = TestHostTests.xctest; sourceTree = BUILT_PRODUCTS_DIR; };
		2FFAD5201C8D69F500894949 /* PNInstagramPhotoModel_Tests.swift */ = {isa = PBXFileReference; lastKnownFileType = sourcecode.swift; path = PNInstagramPhotoModel_Tests.swift; sourceTree = "<group>"; };
		2FFAD5221C8D69F500894949 /* Info.plist */ = {isa = PBXFileReference; lastKnownFileType = text.plist.xml; path = Info.plist; sourceTree = "<group>"; };
		2FFAD52B1C8D6D1300894949 /* CLLocationCoordinate2D_Tests.swift */ = {isa = PBXFileReference; fileEncoding = 4; lastKnownFileType = sourcecode.swift; path = CLLocationCoordinate2D_Tests.swift; sourceTree = "<group>"; };
		2FFAD52F1C8D70A200894949 /* Meter_Tests.swift */ = {isa = PBXFileReference; fileEncoding = 4; lastKnownFileType = sourcecode.swift; path = Meter_Tests.swift; sourceTree = "<group>"; };
		2FFAD5371C8D79E800894949 /* PNInstagramPhotoManager_Tests.swift */ = {isa = PBXFileReference; fileEncoding = 4; lastKnownFileType = sourcecode.swift; path = PNInstagramPhotoManager_Tests.swift; sourceTree = "<group>"; };
		2FFAD53B1C8D7C3500894949 /* Mocks.swift */ = {isa = PBXFileReference; fileEncoding = 4; lastKnownFileType = sourcecode.swift; path = Mocks.swift; sourceTree = "<group>"; };
		9729D5BB1C89F306009002E6 /* PicsNearMe.app */ = {isa = PBXFileReference; explicitFileType = wrapper.application; includeInIndex = 0; path = PicsNearMe.app; sourceTree = BUILT_PRODUCTS_DIR; };
		9729D5BE1C89F306009002E6 /* AppDelegate.swift */ = {isa = PBXFileReference; lastKnownFileType = sourcecode.swift; path = AppDelegate.swift; sourceTree = "<group>"; };
		9729D5C01C89F306009002E6 /* PNMapViewController.swift */ = {isa = PBXFileReference; lastKnownFileType = sourcecode.swift; path = PNMapViewController.swift; sourceTree = "<group>"; };
		9729D5C31C89F306009002E6 /* Base */ = {isa = PBXFileReference; lastKnownFileType = file.storyboard; name = Base; path = Base.lproj/Main.storyboard; sourceTree = "<group>"; };
		9729D5C51C89F306009002E6 /* Assets.xcassets */ = {isa = PBXFileReference; lastKnownFileType = folder.assetcatalog; path = Assets.xcassets; sourceTree = "<group>"; };
		9729D5C81C89F306009002E6 /* Base */ = {isa = PBXFileReference; lastKnownFileType = file.storyboard; name = Base; path = Base.lproj/LaunchScreen.storyboard; sourceTree = "<group>"; };
		9729D5CA1C89F306009002E6 /* Info.plist */ = {isa = PBXFileReference; lastKnownFileType = text.plist.xml; path = Info.plist; sourceTree = "<group>"; };
		9729D5DE1C89F3E0009002E6 /* PNPicCellView.swift */ = {isa = PBXFileReference; fileEncoding = 4; lastKnownFileType = sourcecode.swift; path = PNPicCellView.swift; sourceTree = "<group>"; };
		9729D5E01C89F3FC009002E6 /* PNPicCellView.xib */ = {isa = PBXFileReference; fileEncoding = 4; lastKnownFileType = file.xib; path = PNPicCellView.xib; sourceTree = "<group>"; };
		9729D5E21C8A2D58009002E6 /* PNCommon.swift */ = {isa = PBXFileReference; fileEncoding = 4; lastKnownFileType = sourcecode.swift; path = PNCommon.swift; sourceTree = "<group>"; };
		9729D5E41C8A2F7F009002E6 /* PNInstagramPhotoManager.swift */ = {isa = PBXFileReference; fileEncoding = 4; lastKnownFileType = sourcecode.swift; path = PNInstagramPhotoManager.swift; sourceTree = "<group>"; };
		9729D5E81C8A306C009002E6 /* MapKit.framework */ = {isa = PBXFileReference; lastKnownFileType = wrapper.framework; name = MapKit.framework; path = System/Library/Frameworks/MapKit.framework; sourceTree = SDKROOT; };
		9729D5EA1C8A3717009002E6 /* PicsNearMe-Bridging-Header.h */ = {isa = PBXFileReference; lastKnownFileType = sourcecode.c.h; path = "PicsNearMe-Bridging-Header.h"; sourceTree = "<group>"; };
/* End PBXFileReference section */

/* Begin PBXFrameworksBuildPhase section */
		2FFAD5061C8D69F500894949 /* Frameworks */ = {
			isa = PBXFrameworksBuildPhase;
			buildActionMask = 2147483647;
			files = (
			);
			runOnlyForDeploymentPostprocessing = 0;
		};
		2FFAD5191C8D69F500894949 /* Frameworks */ = {
			isa = PBXFrameworksBuildPhase;
			buildActionMask = 2147483647;
			files = (
			);
			runOnlyForDeploymentPostprocessing = 0;
		};
		9729D5B81C89F306009002E6 /* Frameworks */ = {
			isa = PBXFrameworksBuildPhase;
			buildActionMask = 2147483647;
			files = (
				2F5FB29B1CC46C000045E6DA /* LocationManager.framework in Frameworks */,
				9729D5E91C8A306C009002E6 /* MapKit.framework in Frameworks */,
				2F5FB2991CC46C000045E6DA /* DHConstraintBuilder.framework in Frameworks */,
			);
			runOnlyForDeploymentPostprocessing = 0;
		};
/* End PBXFrameworksBuildPhase section */

/* Begin PBXGroup section */
		2FFAD4D61C8D543400894949 /* Utility */ = {
			isa = PBXGroup;
			children = (
				9729D5E21C8A2D58009002E6 /* PNCommon.swift */,
			);
			name = Utility;
			sourceTree = "<group>";
		};
		2FFAD4D71C8D544800894949 /* Controllers */ = {
			isa = PBXGroup;
			children = (
				9729D5C01C89F306009002E6 /* PNMapViewController.swift */,
				2F3BEFC41C8A665800337F18 /* PNCollectionViewController.swift */,
			);
			name = Controllers;
			sourceTree = "<group>";
		};
		2FFAD4D81C8D545A00894949 /* Views */ = {
			isa = PBXGroup;
			children = (
				2F3BEFC81C8B916A00337F18 /* PNMapSliderView.swift */,
				9729D5DE1C89F3E0009002E6 /* PNPicCellView.swift */,
				2FFAD4E01C8D56BF00894949 /* UIView+Extension.swift */,
				2FCA4AE21C8DEEEB0032FBD1 /* PNCollectionViewHeader.swift */,
			);
			name = Views;
			sourceTree = "<group>";
		};
		2FFAD4D91C8D547B00894949 /* InterfaceBuilder */ = {
			isa = PBXGroup;
			children = (
				2F3BEFCA1C8B951C00337F18 /* PNMapSliderView.xib */,
				9729D5C21C89F306009002E6 /* Main.storyboard */,
				9729D5E01C89F3FC009002E6 /* PNPicCellView.xib */,
				9729D5C71C89F306009002E6 /* LaunchScreen.storyboard */,
			);
			name = InterfaceBuilder;
			sourceTree = "<group>";
		};
		2FFAD4DA1C8D54B100894949 /* Networking */ = {
			isa = PBXGroup;
			children = (
				9729D5E41C8A2F7F009002E6 /* PNInstagramPhotoManager.swift */,
				2FFAD4E21C8D571500894949 /* PNInstagramSessionManager.swift */,
				2FFAD4E41C8D577600894949 /* PNDownloadManager.swift */,
			);
			name = Networking;
			sourceTree = "<group>";
		};
		2FFAD4DB1C8D551F00894949 /* DataModels */ = {
			isa = PBXGroup;
			children = (
				2FFAD4DC1C8D553700894949 /* PNInstagramPhotoModel.swift */,
				2FFAD4DE1C8D564100894949 /* CLLocationCoordinate2D+Extension.swift */,
				2F3BEFC61C8A831600337F18 /* Meter.swift */,
			);
			name = DataModels;
			sourceTree = "<group>";
		};
		2FFAD50A1C8D69F500894949 /* TestHost */ = {
			isa = PBXGroup;
			children = (
				2FFAD50B1C8D69F500894949 /* AppDelegate.swift */,
				2FFAD50D1C8D69F500894949 /* ViewController.swift */,
				2FFAD50F1C8D69F500894949 /* Main.storyboard */,
				2FFAD5121C8D69F500894949 /* Assets.xcassets */,
				2FFAD5141C8D69F500894949 /* LaunchScreen.storyboard */,
				2FFAD5171C8D69F500894949 /* Info.plist */,
			);
			path = TestHost;
			sourceTree = "<group>";
		};
		2FFAD51F1C8D69F500894949 /* TestHostTests */ = {
			isa = PBXGroup;
			children = (
				2FFAD5201C8D69F500894949 /* PNInstagramPhotoModel_Tests.swift */,
				2FFAD52B1C8D6D1300894949 /* CLLocationCoordinate2D_Tests.swift */,
				2FFAD52F1C8D70A200894949 /* Meter_Tests.swift */,
				2FFAD5371C8D79E800894949 /* PNInstagramPhotoManager_Tests.swift */,
				2FFAD53D1C8D7C4C00894949 /* Mock */,
				2FFAD5221C8D69F500894949 /* Info.plist */,
			);
			path = TestHostTests;
			sourceTree = "<group>";
		};
		2FFAD53D1C8D7C4C00894949 /* Mock */ = {
			isa = PBXGroup;
			children = (
				2FFAD53B1C8D7C3500894949 /* Mocks.swift */,
			);
			name = Mock;
			sourceTree = "<group>";
		};
		9729D5B21C89F306009002E6 = {
			isa = PBXGroup;
			children = (
				2F5FB2971CC46C000045E6DA /* DHConstraintBuilder.framework */,
				2F5FB2981CC46C000045E6DA /* LocationManager.framework */,
				9729D5E81C8A306C009002E6 /* MapKit.framework */,
				9729D5BD1C89F306009002E6 /* PicsNearMe */,
				2FFAD50A1C8D69F500894949 /* TestHost */,
				2FFAD51F1C8D69F500894949 /* TestHostTests */,
				9729D5BC1C89F306009002E6 /* Products */,
			);
			sourceTree = "<group>";
		};
		9729D5BC1C89F306009002E6 /* Products */ = {
			isa = PBXGroup;
			children = (
				9729D5BB1C89F306009002E6 /* PicsNearMe.app */,
				2FFAD5091C8D69F500894949 /* TestHost.app */,
				2FFAD51C1C8D69F500894949 /* TestHostTests.xctest */,
			);
			name = Products;
			sourceTree = "<group>";
		};
		9729D5BD1C89F306009002E6 /* PicsNearMe */ = {
			isa = PBXGroup;
			children = (
				2FFAD4DB1C8D551F00894949 /* DataModels */,
				2FFAD4D61C8D543400894949 /* Utility */,
				2FFAD4DA1C8D54B100894949 /* Networking */,
				2FFAD4D71C8D544800894949 /* Controllers */,
				2FFAD4D81C8D545A00894949 /* Views */,
				2FFAD4D91C8D547B00894949 /* InterfaceBuilder */,
				9729D5C51C89F306009002E6 /* Assets.xcassets */,
				9729D5BE1C89F306009002E6 /* AppDelegate.swift */,
				9729D5CA1C89F306009002E6 /* Info.plist */,
				9729D5EA1C8A3717009002E6 /* PicsNearMe-Bridging-Header.h */,
			);
			path = PicsNearMe;
			sourceTree = "<group>";
		};
/* End PBXGroup section */

/* Begin PBXNativeTarget section */
		2FFAD5081C8D69F500894949 /* TestHost */ = {
			isa = PBXNativeTarget;
			buildConfigurationList = 2FFAD5231C8D69F500894949 /* Build configuration list for PBXNativeTarget "TestHost" */;
			buildPhases = (
				2FFAD5051C8D69F500894949 /* Sources */,
				2FFAD5061C8D69F500894949 /* Frameworks */,
				2FFAD5071C8D69F500894949 /* Resources */,
			);
			buildRules = (
			);
			dependencies = (
			);
			name = TestHost;
			productName = TestHost;
			productReference = 2FFAD5091C8D69F500894949 /* TestHost.app */;
			productType = "com.apple.product-type.application";
		};
		2FFAD51B1C8D69F500894949 /* TestHostTests */ = {
			isa = PBXNativeTarget;
			buildConfigurationList = 2FFAD5261C8D69F500894949 /* Build configuration list for PBXNativeTarget "TestHostTests" */;
			buildPhases = (
				2FFAD5181C8D69F500894949 /* Sources */,
				2FFAD5191C8D69F500894949 /* Frameworks */,
				2FFAD51A1C8D69F500894949 /* Resources */,
			);
			buildRules = (
			);
			dependencies = (
				2FFAD51E1C8D69F500894949 /* PBXTargetDependency */,
			);
			name = TestHostTests;
			productName = TestHostTests;
			productReference = 2FFAD51C1C8D69F500894949 /* TestHostTests.xctest */;
			productType = "com.apple.product-type.bundle.unit-test";
		};
		9729D5BA1C89F306009002E6 /* PicsNearMe */ = {
			isa = PBXNativeTarget;
			buildConfigurationList = 9729D5D81C89F306009002E6 /* Build configuration list for PBXNativeTarget "PicsNearMe" */;
			buildPhases = (
				9729D5B71C89F306009002E6 /* Sources */,
				9729D5B81C89F306009002E6 /* Frameworks */,
				9729D5B91C89F306009002E6 /* Resources */,
				2F5FB29D1CC46C010045E6DA /* Embed Frameworks */,
			);
			buildRules = (
			);
			dependencies = (
			);
			name = PicsNearMe;
			productName = PicsNearMe;
			productReference = 9729D5BB1C89F306009002E6 /* PicsNearMe.app */;
			productType = "com.apple.product-type.application";
		};
/* End PBXNativeTarget section */

/* Begin PBXProject section */
		9729D5B31C89F306009002E6 /* Project object */ = {
			isa = PBXProject;
			attributes = {
				LastSwiftUpdateCheck = 0720;
				LastUpgradeCheck = 0720;
				ORGANIZATIONNAME = dnthome;
				TargetAttributes = {
					2FFAD5081C8D69F500894949 = {
						CreatedOnToolsVersion = 7.2.1;
					};
					2FFAD51B1C8D69F500894949 = {
						CreatedOnToolsVersion = 7.2.1;
						TestTargetID = 2FFAD5081C8D69F500894949;
					};
					9729D5BA1C89F306009002E6 = {
						CreatedOnToolsVersion = 7.2;
						DevelopmentTeam = SX585CK9M9;
					};
				};
			};
			buildConfigurationList = 9729D5B61C89F306009002E6 /* Build configuration list for PBXProject "PicsNearMe" */;
			compatibilityVersion = "Xcode 3.2";
			developmentRegion = English;
			hasScannedForEncodings = 0;
			knownRegions = (
				en,
				Base,
			);
			mainGroup = 9729D5B21C89F306009002E6;
			productRefGroup = 9729D5BC1C89F306009002E6 /* Products */;
			projectDirPath = "";
			projectRoot = "";
			targets = (
				9729D5BA1C89F306009002E6 /* PicsNearMe */,
				2FFAD5081C8D69F500894949 /* TestHost */,
				2FFAD51B1C8D69F500894949 /* TestHostTests */,
			);
		};
/* End PBXProject section */

/* Begin PBXResourcesBuildPhase section */
		2FFAD5071C8D69F500894949 /* Resources */ = {
			isa = PBXResourcesBuildPhase;
			buildActionMask = 2147483647;
			files = (
				2FFAD5161C8D69F500894949 /* LaunchScreen.storyboard in Resources */,
				2FFAD5131C8D69F500894949 /* Assets.xcassets in Resources */,
				2FFAD5111C8D69F500894949 /* Main.storyboard in Resources */,
			);
			runOnlyForDeploymentPostprocessing = 0;
		};
		2FFAD51A1C8D69F500894949 /* Resources */ = {
			isa = PBXResourcesBuildPhase;
			buildActionMask = 2147483647;
			files = (
			);
			runOnlyForDeploymentPostprocessing = 0;
		};
		9729D5B91C89F306009002E6 /* Resources */ = {
			isa = PBXResourcesBuildPhase;
			buildActionMask = 2147483647;
			files = (
				9729D5C91C89F306009002E6 /* LaunchScreen.storyboard in Resources */,
				2F3BEFCB1C8B951C00337F18 /* PNMapSliderView.xib in Resources */,
				9729D5C61C89F306009002E6 /* Assets.xcassets in Resources */,
				9729D5C41C89F306009002E6 /* Main.storyboard in Resources */,
				9729D5E11C89F3FC009002E6 /* PNPicCellView.xib in Resources */,
			);
			runOnlyForDeploymentPostprocessing = 0;
		};
/* End PBXResourcesBuildPhase section */

/* Begin PBXSourcesBuildPhase section */
		2FFAD5051C8D69F500894949 /* Sources */ = {
			isa = PBXSourcesBuildPhase;
			buildActionMask = 2147483647;
			files = (
				2FFAD50E1C8D69F500894949 /* ViewController.swift in Sources */,
				2FFAD50C1C8D69F500894949 /* AppDelegate.swift in Sources */,
				2FFAD52E1C8D6D7600894949 /* Meter.swift in Sources */,
				2FFAD5341C8D777800894949 /* PNDownloadManager.swift in Sources */,
				2FFAD52A1C8D6A9200894949 /* PNInstagramPhotoModel.swift in Sources */,
				2FFAD5351C8D777B00894949 /* PNInstagramSessionManager.swift in Sources */,
				2FFAD52D1C8D6D6C00894949 /* CLLocationCoordinate2D+Extension.swift in Sources */,
				2FFAD5331C8D773000894949 /* PNInstagramPhotoManager.swift in Sources */,
				2FFAD5361C8D778D00894949 /* PNCommon.swift in Sources */,
			);
			runOnlyForDeploymentPostprocessing = 0;
		};
		2FFAD5181C8D69F500894949 /* Sources */ = {
			isa = PBXSourcesBuildPhase;
			buildActionMask = 2147483647;
			files = (
				2FFAD53C1C8D7C3500894949 /* Mocks.swift in Sources */,
				2FFAD5211C8D69F500894949 /* PNInstagramPhotoModel_Tests.swift in Sources */,
				2FFAD52C1C8D6D1300894949 /* CLLocationCoordinate2D_Tests.swift in Sources */,
				2FFAD5301C8D70A200894949 /* Meter_Tests.swift in Sources */,
				2FFAD5381C8D79E800894949 /* PNInstagramPhotoManager_Tests.swift in Sources */,
			);
			runOnlyForDeploymentPostprocessing = 0;
		};
		9729D5B71C89F306009002E6 /* Sources */ = {
			isa = PBXSourcesBuildPhase;
			buildActionMask = 2147483647;
			files = (
				9729D5E31C8A2D58009002E6 /* PNCommon.swift in Sources */,
				9729D5DF1C89F3E0009002E6 /* PNPicCellView.swift in Sources */,
				2FFAD4E51C8D577600894949 /* PNDownloadManager.swift in Sources */,
				2FFAD4DF1C8D564100894949 /* CLLocationCoordinate2D+Extension.swift in Sources */,
				2FFAD4DD1C8D553700894949 /* PNInstagramPhotoModel.swift in Sources */,
				2F3BEFC91C8B916A00337F18 /* PNMapSliderView.swift in Sources */,
				2FCA4AE31C8DEEEB0032FBD1 /* PNCollectionViewHeader.swift in Sources */,
				2FFAD4E31C8D571500894949 /* PNInstagramSessionManager.swift in Sources */,
				2FFAD4E11C8D56BF00894949 /* UIView+Extension.swift in Sources */,
				2F3BEFC71C8A831600337F18 /* Meter.swift in Sources */,
				2F3BEFC51C8A665800337F18 /* PNCollectionViewController.swift in Sources */,
				9729D5E51C8A2F7F009002E6 /* PNInstagramPhotoManager.swift in Sources */,
				9729D5C11C89F306009002E6 /* PNMapViewController.swift in Sources */,
				9729D5BF1C89F306009002E6 /* AppDelegate.swift in Sources */,
			);
			runOnlyForDeploymentPostprocessing = 0;
		};
/* End PBXSourcesBuildPhase section */

/* Begin PBXTargetDependency section */
		2FFAD51E1C8D69F500894949 /* PBXTargetDependency */ = {
			isa = PBXTargetDependency;
			target = 2FFAD5081C8D69F500894949 /* TestHost */;
			targetProxy = 2FFAD51D1C8D69F500894949 /* PBXContainerItemProxy */;
		};
/* End PBXTargetDependency section */

/* Begin PBXVariantGroup section */
		2FFAD50F1C8D69F500894949 /* Main.storyboard */ = {
			isa = PBXVariantGroup;
			children = (
				2FFAD5101C8D69F500894949 /* Base */,
			);
			name = Main.storyboard;
			sourceTree = "<group>";
		};
		2FFAD5141C8D69F500894949 /* LaunchScreen.storyboard */ = {
			isa = PBXVariantGroup;
			children = (
				2FFAD5151C8D69F500894949 /* Base */,
			);
			name = LaunchScreen.storyboard;
			sourceTree = "<group>";
		};
		9729D5C21C89F306009002E6 /* Main.storyboard */ = {
			isa = PBXVariantGroup;
			children = (
				9729D5C31C89F306009002E6 /* Base */,
			);
			name = Main.storyboard;
			sourceTree = "<group>";
		};
		9729D5C71C89F306009002E6 /* LaunchScreen.storyboard */ = {
			isa = PBXVariantGroup;
			children = (
				9729D5C81C89F306009002E6 /* Base */,
			);
			name = LaunchScreen.storyboard;
			sourceTree = "<group>";
		};
/* End PBXVariantGroup section */

/* Begin XCBuildConfiguration section */
		2FFAD5241C8D69F500894949 /* Debug */ = {
			isa = XCBuildConfiguration;
			buildSettings = {
				ASSETCATALOG_COMPILER_APPICON_NAME = AppIcon;
				INFOPLIST_FILE = TestHost/Info.plist;
				LD_RUNPATH_SEARCH_PATHS = "$(inherited) @executable_path/Frameworks";
				PRODUCT_BUNDLE_IDENTIFIER = dnthome.TestHost;
				PRODUCT_NAME = "$(TARGET_NAME)";
				SWIFT_OBJC_BRIDGING_HEADER = "PicsNearMe/PicsNearMe-Bridging-Header.h";
			};
			name = Debug;
		};
		2FFAD5251C8D69F500894949 /* Release */ = {
			isa = XCBuildConfiguration;
			buildSettings = {
				ASSETCATALOG_COMPILER_APPICON_NAME = AppIcon;
				INFOPLIST_FILE = TestHost/Info.plist;
				LD_RUNPATH_SEARCH_PATHS = "$(inherited) @executable_path/Frameworks";
				PRODUCT_BUNDLE_IDENTIFIER = dnthome.TestHost;
				PRODUCT_NAME = "$(TARGET_NAME)";
				SWIFT_OBJC_BRIDGING_HEADER = "PicsNearMe/PicsNearMe-Bridging-Header.h";
			};
			name = Release;
		};
		2FFAD5271C8D69F500894949 /* Debug */ = {
			isa = XCBuildConfiguration;
			buildSettings = {
				BUNDLE_LOADER = "$(TEST_HOST)";
				INFOPLIST_FILE = TestHostTests/Info.plist;
				LD_RUNPATH_SEARCH_PATHS = "$(inherited) @executable_path/Frameworks @loader_path/Frameworks";
				PRODUCT_BUNDLE_IDENTIFIER = dnthome.TestHostTests;
				PRODUCT_NAME = "$(TARGET_NAME)";
				TEST_HOST = "$(BUILT_PRODUCTS_DIR)/TestHost.app/TestHost";
			};
			name = Debug;
		};
		2FFAD5281C8D69F500894949 /* Release */ = {
			isa = XCBuildConfiguration;
			buildSettings = {
				BUNDLE_LOADER = "$(TEST_HOST)";
				INFOPLIST_FILE = TestHostTests/Info.plist;
				LD_RUNPATH_SEARCH_PATHS = "$(inherited) @executable_path/Frameworks @loader_path/Frameworks";
				PRODUCT_BUNDLE_IDENTIFIER = dnthome.TestHostTests;
				PRODUCT_NAME = "$(TARGET_NAME)";
				TEST_HOST = "$(BUILT_PRODUCTS_DIR)/TestHost.app/TestHost";
			};
			name = Release;
		};
		9729D5D61C89F306009002E6 /* Debug */ = {
			isa = XCBuildConfiguration;
			buildSettings = {
				ALWAYS_SEARCH_USER_PATHS = NO;
				CLANG_CXX_LANGUAGE_STANDARD = "gnu++0x";
				CLANG_CXX_LIBRARY = "libc++";
				CLANG_ENABLE_MODULES = YES;
				CLANG_ENABLE_OBJC_ARC = YES;
				CLANG_WARN_BOOL_CONVERSION = YES;
				CLANG_WARN_CONSTANT_CONVERSION = YES;
				CLANG_WARN_DIRECT_OBJC_ISA_USAGE = YES_ERROR;
				CLANG_WARN_EMPTY_BODY = YES;
				CLANG_WARN_ENUM_CONVERSION = YES;
				CLANG_WARN_INT_CONVERSION = YES;
				CLANG_WARN_OBJC_ROOT_CLASS = YES_ERROR;
				CLANG_WARN_UNREACHABLE_CODE = YES;
				CLANG_WARN__DUPLICATE_METHOD_MATCH = YES;
				"CODE_SIGN_IDENTITY[sdk=iphoneos*]" = "iPhone Developer";
				COPY_PHASE_STRIP = NO;
				DEBUG_INFORMATION_FORMAT = dwarf;
				ENABLE_STRICT_OBJC_MSGSEND = YES;
				ENABLE_TESTABILITY = YES;
				GCC_C_LANGUAGE_STANDARD = gnu99;
				GCC_DYNAMIC_NO_PIC = NO;
				GCC_NO_COMMON_BLOCKS = YES;
				GCC_OPTIMIZATION_LEVEL = 0;
				GCC_PREPROCESSOR_DEFINITIONS = (
					"DEBUG=1",
					"$(inherited)",
				);
				GCC_WARN_64_TO_32_BIT_CONVERSION = YES;
				GCC_WARN_ABOUT_RETURN_TYPE = YES_ERROR;
				GCC_WARN_UNDECLARED_SELECTOR = YES;
				GCC_WARN_UNINITIALIZED_AUTOS = YES_AGGRESSIVE;
				GCC_WARN_UNUSED_FUNCTION = YES;
				GCC_WARN_UNUSED_VARIABLE = YES;
				IPHONEOS_DEPLOYMENT_TARGET = 9.2;
				MTL_ENABLE_DEBUG_INFO = YES;
				ONLY_ACTIVE_ARCH = YES;
				SDKROOT = iphoneos;
				SWIFT_OPTIMIZATION_LEVEL = "-Onone";
				TARGETED_DEVICE_FAMILY = "1,2";
			};
			name = Debug;
		};
		9729D5D71C89F306009002E6 /* Release */ = {
			isa = XCBuildConfiguration;
			buildSettings = {
				ALWAYS_SEARCH_USER_PATHS = NO;
				CLANG_CXX_LANGUAGE_STANDARD = "gnu++0x";
				CLANG_CXX_LIBRARY = "libc++";
				CLANG_ENABLE_MODULES = YES;
				CLANG_ENABLE_OBJC_ARC = YES;
				CLANG_WARN_BOOL_CONVERSION = YES;
				CLANG_WARN_CONSTANT_CONVERSION = YES;
				CLANG_WARN_DIRECT_OBJC_ISA_USAGE = YES_ERROR;
				CLANG_WARN_EMPTY_BODY = YES;
				CLANG_WARN_ENUM_CONVERSION = YES;
				CLANG_WARN_INT_CONVERSION = YES;
				CLANG_WARN_OBJC_ROOT_CLASS = YES_ERROR;
				CLANG_WARN_UNREACHABLE_CODE = YES;
				CLANG_WARN__DUPLICATE_METHOD_MATCH = YES;
				"CODE_SIGN_IDENTITY[sdk=iphoneos*]" = "iPhone Developer";
				COPY_PHASE_STRIP = NO;
				DEBUG_INFORMATION_FORMAT = "dwarf-with-dsym";
				ENABLE_NS_ASSERTIONS = NO;
				ENABLE_STRICT_OBJC_MSGSEND = YES;
				GCC_C_LANGUAGE_STANDARD = gnu99;
				GCC_NO_COMMON_BLOCKS = YES;
				GCC_WARN_64_TO_32_BIT_CONVERSION = YES;
				GCC_WARN_ABOUT_RETURN_TYPE = YES_ERROR;
				GCC_WARN_UNDECLARED_SELECTOR = YES;
				GCC_WARN_UNINITIALIZED_AUTOS = YES_AGGRESSIVE;
				GCC_WARN_UNUSED_FUNCTION = YES;
				GCC_WARN_UNUSED_VARIABLE = YES;
				IPHONEOS_DEPLOYMENT_TARGET = 9.2;
				MTL_ENABLE_DEBUG_INFO = NO;
				SDKROOT = iphoneos;
				TARGETED_DEVICE_FAMILY = "1,2";
				VALIDATE_PRODUCT = YES;
			};
			name = Release;
		};
		9729D5D91C89F306009002E6 /* Debug */ = {
			isa = XCBuildConfiguration;
			buildSettings = {
				ASSETCATALOG_COMPILER_APPICON_NAME = AppIcon;
				CODE_SIGN_IDENTITY = "iPhone Developer";
				"CODE_SIGN_IDENTITY[sdk=iphoneos*]" = "iPhone Developer";
				FRAMEWORK_SEARCH_PATHS = (
					"$(inherited)",
					"$(PROJECT_DIR)/Carthage/Build/iOS",
				);
				INFOPLIST_FILE = PicsNearMe/Info.plist;
				LD_RUNPATH_SEARCH_PATHS = "$(inherited) @executable_path/Frameworks";
				PRODUCT_BUNDLE_IDENTIFIER = com.dnthome.PicsNearMe;
				PRODUCT_NAME = "$(TARGET_NAME)";
				PROVISIONING_PROFILE = "";
				SWIFT_OBJC_BRIDGING_HEADER = "PicsNearMe/PicsNearMe-Bridging-Header.h";
				TARGETED_DEVICE_FAMILY = 1;
			};
			name = Debug;
		};
		9729D5DA1C89F306009002E6 /* Release */ = {
			isa = XCBuildConfiguration;
			buildSettings = {
				ASSETCATALOG_COMPILER_APPICON_NAME = AppIcon;
				CODE_SIGN_IDENTITY = "iPhone Developer";
				"CODE_SIGN_IDENTITY[sdk=iphoneos*]" = "iPhone Developer";
				FRAMEWORK_SEARCH_PATHS = (
					"$(inherited)",
					"$(PROJECT_DIR)/Carthage/Build/iOS",
				);
				INFOPLIST_FILE = PicsNearMe/Info.plist;
				LD_RUNPATH_SEARCH_PATHS = "$(inherited) @executable_path/Frameworks";
				PRODUCT_BUNDLE_IDENTIFIER = com.dnthome.PicsNearMe;
				PRODUCT_NAME = "$(TARGET_NAME)";
				PROVISIONING_PROFILE = "";
				SWIFT_OBJC_BRIDGING_HEADER = "PicsNearMe/PicsNearMe-Bridging-Header.h";
				TARGETED_DEVICE_FAMILY = 1;
			};
			name = Release;
		};
/* End XCBuildConfiguration section */

/* Begin XCConfigurationList section */
		2FFAD5231C8D69F500894949 /* Build configuration list for PBXNativeTarget "TestHost" */ = {
			isa = XCConfigurationList;
			buildConfigurations = (
				2FFAD5241C8D69F500894949 /* Debug */,
				2FFAD5251C8D69F500894949 /* Release */,
			);
			defaultConfigurationIsVisible = 0;
			defaultConfigurationName = Release;
		};
		2FFAD5261C8D69F500894949 /* Build configuration list for PBXNativeTarget "TestHostTests" */ = {
			isa = XCConfigurationList;
			buildConfigurations = (
				2FFAD5271C8D69F500894949 /* Debug */,
				2FFAD5281C8D69F500894949 /* Release */,
			);
			defaultConfigurationIsVisible = 0;
			defaultConfigurationName = Release;
		};
		9729D5B61C89F306009002E6 /* Build configuration list for PBXProject "PicsNearMe" */ = {
			isa = XCConfigurationList;
			buildConfigurations = (
				9729D5D61C89F306009002E6 /* Debug */,
				9729D5D71C89F306009002E6 /* Release */,
			);
			defaultConfigurationIsVisible = 0;
			defaultConfigurationName = Release;
		};
		9729D5D81C89F306009002E6 /* Build configuration list for PBXNativeTarget "PicsNearMe" */ = {
			isa = XCConfigurationList;
			buildConfigurations = (
				9729D5D91C89F306009002E6 /* Debug */,
				9729D5DA1C89F306009002E6 /* Release */,
			);
			defaultConfigurationIsVisible = 0;
			defaultConfigurationName = Release;
		};
/* End XCConfigurationList section */
	};
	rootObject = 9729D5B31C89F306009002E6 /* Project object */;
}
