// !$*UTF8*$!
{
	archiveVersion = 1;
	classes = {
	};
	objectVersion = 46;
	objects = {

/* Begin PBXBuildFile section */
		2F0E1C7C1C8BA86E004B1796 /* PNLoginScreenViewController.swift in Sources */ = {isa = PBXBuildFile; fileRef = 2F0E1C7B1C8BA86E004B1796 /* PNLoginScreenViewController.swift */; };
		2F3BEFC51C8A665800337F18 /* PNCollectionViewController.swift in Sources */ = {isa = PBXBuildFile; fileRef = 2F3BEFC41C8A665800337F18 /* PNCollectionViewController.swift */; };
		2F3BEFC71C8A831600337F18 /* Meter.swift in Sources */ = {isa = PBXBuildFile; fileRef = 2F3BEFC61C8A831600337F18 /* Meter.swift */; };
		2F3BEFC91C8B916A00337F18 /* PNMapSliderView.swift in Sources */ = {isa = PBXBuildFile; fileRef = 2F3BEFC81C8B916A00337F18 /* PNMapSliderView.swift */; };
		2F3BEFCB1C8B951C00337F18 /* PNMapSliderView.xib in Resources */ = {isa = PBXBuildFile; fileRef = 2F3BEFCA1C8B951C00337F18 /* PNMapSliderView.xib */; };
		2FFAD4DD1C8D553700894949 /* PNInstagramPhotoModel.swift in Sources */ = {isa = PBXBuildFile; fileRef = 2FFAD4DC1C8D553700894949 /* PNInstagramPhotoModel.swift */; };
		2FFAD4DF1C8D564100894949 /* CLLocationCoordinate2D+Extension.swift in Sources */ = {isa = PBXBuildFile; fileRef = 2FFAD4DE1C8D564100894949 /* CLLocationCoordinate2D+Extension.swift */; };
		2FFAD4E11C8D56BF00894949 /* UIView+Extension.swift in Sources */ = {isa = PBXBuildFile; fileRef = 2FFAD4E01C8D56BF00894949 /* UIView+Extension.swift */; };
		2FFAD4E31C8D571500894949 /* PNInstagramSessionManager.swift in Sources */ = {isa = PBXBuildFile; fileRef = 2FFAD4E21C8D571500894949 /* PNInstagramSessionManager.swift */; };
		2FFAD4E51C8D577600894949 /* PNDownloadManager.swift in Sources */ = {isa = PBXBuildFile; fileRef = 2FFAD4E41C8D577600894949 /* PNDownloadManager.swift */; };
		9729D5BF1C89F306009002E6 /* AppDelegate.swift in Sources */ = {isa = PBXBuildFile; fileRef = 9729D5BE1C89F306009002E6 /* AppDelegate.swift */; };
		9729D5C11C89F306009002E6 /* PNMapViewController.swift in Sources */ = {isa = PBXBuildFile; fileRef = 9729D5C01C89F306009002E6 /* PNMapViewController.swift */; };
		9729D5C41C89F306009002E6 /* Main.storyboard in Resources */ = {isa = PBXBuildFile; fileRef = 9729D5C21C89F306009002E6 /* Main.storyboard */; };
		9729D5C61C89F306009002E6 /* Assets.xcassets in Resources */ = {isa = PBXBuildFile; fileRef = 9729D5C51C89F306009002E6 /* Assets.xcassets */; };
		9729D5C91C89F306009002E6 /* LaunchScreen.storyboard in Resources */ = {isa = PBXBuildFile; fileRef = 9729D5C71C89F306009002E6 /* LaunchScreen.storyboard */; };
		9729D5D41C89F306009002E6 /* PNInstagramPhotoModel_Tests.swift in Sources */ = {isa = PBXBuildFile; fileRef = 9729D5D31C89F306009002E6 /* PNInstagramPhotoModel_Tests.swift */; };
		9729D5DF1C89F3E0009002E6 /* PNPicCellView.swift in Sources */ = {isa = PBXBuildFile; fileRef = 9729D5DE1C89F3E0009002E6 /* PNPicCellView.swift */; };
		9729D5E11C89F3FC009002E6 /* PNPicCellView.xib in Resources */ = {isa = PBXBuildFile; fileRef = 9729D5E01C89F3FC009002E6 /* PNPicCellView.xib */; };
		9729D5E31C8A2D58009002E6 /* PNCommon.swift in Sources */ = {isa = PBXBuildFile; fileRef = 9729D5E21C8A2D58009002E6 /* PNCommon.swift */; };
		9729D5E51C8A2F7F009002E6 /* PNInstagramPhotoManager.swift in Sources */ = {isa = PBXBuildFile; fileRef = 9729D5E41C8A2F7F009002E6 /* PNInstagramPhotoManager.swift */; };
		9729D5E91C8A306C009002E6 /* MapKit.framework in Frameworks */ = {isa = PBXBuildFile; fileRef = 9729D5E81C8A306C009002E6 /* MapKit.framework */; };
/* End PBXBuildFile section */

/* Begin PBXContainerItemProxy section */
		9729D5D01C89F306009002E6 /* PBXContainerItemProxy */ = {
			isa = PBXContainerItemProxy;
			containerPortal = 9729D5B31C89F306009002E6 /* Project object */;
			proxyType = 1;
			remoteGlobalIDString = 9729D5BA1C89F306009002E6;
			remoteInfo = PicsNearMe;
		};
/* End PBXContainerItemProxy section */

/* Begin PBXFileReference section */
		2F0E1C7B1C8BA86E004B1796 /* PNLoginScreenViewController.swift */ = {isa = PBXFileReference; fileEncoding = 4; lastKnownFileType = sourcecode.swift; path = PNLoginScreenViewController.swift; sourceTree = "<group>"; };
		2F3BEFC41C8A665800337F18 /* PNCollectionViewController.swift */ = {isa = PBXFileReference; fileEncoding = 4; lastKnownFileType = sourcecode.swift; path = PNCollectionViewController.swift; sourceTree = "<group>"; };
		2F3BEFC61C8A831600337F18 /* Meter.swift */ = {isa = PBXFileReference; fileEncoding = 4; lastKnownFileType = sourcecode.swift; path = Meter.swift; sourceTree = "<group>"; };
		2F3BEFC81C8B916A00337F18 /* PNMapSliderView.swift */ = {isa = PBXFileReference; fileEncoding = 4; lastKnownFileType = sourcecode.swift; path = PNMapSliderView.swift; sourceTree = "<group>"; };
		2F3BEFCA1C8B951C00337F18 /* PNMapSliderView.xib */ = {isa = PBXFileReference; fileEncoding = 4; lastKnownFileType = file.xib; path = PNMapSliderView.xib; sourceTree = "<group>"; };
		2FFAD4DC1C8D553700894949 /* PNInstagramPhotoModel.swift */ = {isa = PBXFileReference; fileEncoding = 4; lastKnownFileType = sourcecode.swift; path = PNInstagramPhotoModel.swift; sourceTree = "<group>"; };
		2FFAD4DE1C8D564100894949 /* CLLocationCoordinate2D+Extension.swift */ = {isa = PBXFileReference; fileEncoding = 4; lastKnownFileType = sourcecode.swift; path = "CLLocationCoordinate2D+Extension.swift"; sourceTree = "<group>"; };
		2FFAD4E01C8D56BF00894949 /* UIView+Extension.swift */ = {isa = PBXFileReference; fileEncoding = 4; lastKnownFileType = sourcecode.swift; path = "UIView+Extension.swift"; sourceTree = "<group>"; };
		2FFAD4E21C8D571500894949 /* PNInstagramSessionManager.swift */ = {isa = PBXFileReference; fileEncoding = 4; lastKnownFileType = sourcecode.swift; path = PNInstagramSessionManager.swift; sourceTree = "<group>"; };
		2FFAD4E41C8D577600894949 /* PNDownloadManager.swift */ = {isa = PBXFileReference; fileEncoding = 4; lastKnownFileType = sourcecode.swift; path = PNDownloadManager.swift; sourceTree = "<group>"; };
		9729D5BB1C89F306009002E6 /* PicsNearMe.app */ = {isa = PBXFileReference; explicitFileType = wrapper.application; includeInIndex = 0; path = PicsNearMe.app; sourceTree = BUILT_PRODUCTS_DIR; };
		9729D5BE1C89F306009002E6 /* AppDelegate.swift */ = {isa = PBXFileReference; lastKnownFileType = sourcecode.swift; path = AppDelegate.swift; sourceTree = "<group>"; };
		9729D5C01C89F306009002E6 /* PNMapViewController.swift */ = {isa = PBXFileReference; lastKnownFileType = sourcecode.swift; path = PNMapViewController.swift; sourceTree = "<group>"; };
		9729D5C31C89F306009002E6 /* Base */ = {isa = PBXFileReference; lastKnownFileType = file.storyboard; name = Base; path = Base.lproj/Main.storyboard; sourceTree = "<group>"; };
		9729D5C51C89F306009002E6 /* Assets.xcassets */ = {isa = PBXFileReference; lastKnownFileType = folder.assetcatalog; path = Assets.xcassets; sourceTree = "<group>"; };
		9729D5C81C89F306009002E6 /* Base */ = {isa = PBXFileReference; lastKnownFileType = file.storyboard; name = Base; path = Base.lproj/LaunchScreen.storyboard; sourceTree = "<group>"; };
		9729D5CA1C89F306009002E6 /* Info.plist */ = {isa = PBXFileReference; lastKnownFileType = text.plist.xml; path = Info.plist; sourceTree = "<group>"; };
		9729D5CF1C89F306009002E6 /* PicsNearMeTests.xctest */ = {isa = PBXFileReference; explicitFileType = wrapper.cfbundle; includeInIndex = 0; path = PicsNearMeTests.xctest; sourceTree = BUILT_PRODUCTS_DIR; };
		9729D5D31C89F306009002E6 /* PNInstagramPhotoModel_Tests.swift */ = {isa = PBXFileReference; lastKnownFileType = sourcecode.swift; path = PNInstagramPhotoModel_Tests.swift; sourceTree = "<group>"; };
		9729D5D51C89F306009002E6 /* Info.plist */ = {isa = PBXFileReference; lastKnownFileType = text.plist.xml; path = Info.plist; sourceTree = "<group>"; };
		9729D5DE1C89F3E0009002E6 /* PNPicCellView.swift */ = {isa = PBXFileReference; fileEncoding = 4; lastKnownFileType = sourcecode.swift; path = PNPicCellView.swift; sourceTree = "<group>"; };
		9729D5E01C89F3FC009002E6 /* PNPicCellView.xib */ = {isa = PBXFileReference; fileEncoding = 4; lastKnownFileType = file.xib; path = PNPicCellView.xib; sourceTree = "<group>"; };
		9729D5E21C8A2D58009002E6 /* PNCommon.swift */ = {isa = PBXFileReference; fileEncoding = 4; lastKnownFileType = sourcecode.swift; path = PNCommon.swift; sourceTree = "<group>"; };
		9729D5E41C8A2F7F009002E6 /* PNInstagramPhotoManager.swift */ = {isa = PBXFileReference; fileEncoding = 4; lastKnownFileType = sourcecode.swift; path = PNInstagramPhotoManager.swift; sourceTree = "<group>"; };
		9729D5E81C8A306C009002E6 /* MapKit.framework */ = {isa = PBXFileReference; lastKnownFileType = wrapper.framework; name = MapKit.framework; path = System/Library/Frameworks/MapKit.framework; sourceTree = SDKROOT; };
		9729D5EA1C8A3717009002E6 /* PicsNearMe-Bridging-Header.h */ = {isa = PBXFileReference; lastKnownFileType = sourcecode.c.h; path = "PicsNearMe-Bridging-Header.h"; sourceTree = "<group>"; };
/* End PBXFileReference section */

/* Begin PBXFrameworksBuildPhase section */
		9729D5B81C89F306009002E6 /* Frameworks */ = {
			isa = PBXFrameworksBuildPhase;
			buildActionMask = 2147483647;
			files = (
				9729D5E91C8A306C009002E6 /* MapKit.framework in Frameworks */,
			);
			runOnlyForDeploymentPostprocessing = 0;
		};
		9729D5CC1C89F306009002E6 /* Frameworks */ = {
			isa = PBXFrameworksBuildPhase;
			buildActionMask = 2147483647;
			files = (
			);
			runOnlyForDeploymentPostprocessing = 0;
		};
/* End PBXFrameworksBuildPhase section */

/* Begin PBXGroup section */
		2FFAD4D61C8D543400894949 /* Utility */ = {
			isa = PBXGroup;
			children = (
				9729D5E21C8A2D58009002E6 /* PNCommon.swift */,
			);
			name = Utility;
			sourceTree = "<group>";
		};
		2FFAD4D71C8D544800894949 /* Controllers */ = {
			isa = PBXGroup;
			children = (
				2F0E1C7B1C8BA86E004B1796 /* PNLoginScreenViewController.swift */,
				9729D5C01C89F306009002E6 /* PNMapViewController.swift */,
				2F3BEFC41C8A665800337F18 /* PNCollectionViewController.swift */,
			);
			name = Controllers;
			sourceTree = "<group>";
		};
		2FFAD4D81C8D545A00894949 /* Views */ = {
			isa = PBXGroup;
			children = (
				2F3BEFC81C8B916A00337F18 /* PNMapSliderView.swift */,
				9729D5DE1C89F3E0009002E6 /* PNPicCellView.swift */,
				2FFAD4E01C8D56BF00894949 /* UIView+Extension.swift */,
			);
			name = Views;
			sourceTree = "<group>";
		};
		2FFAD4D91C8D547B00894949 /* InterfaceBuilder */ = {
			isa = PBXGroup;
			children = (
				2F3BEFCA1C8B951C00337F18 /* PNMapSliderView.xib */,
				9729D5C21C89F306009002E6 /* Main.storyboard */,
				9729D5E01C89F3FC009002E6 /* PNPicCellView.xib */,
				9729D5C71C89F306009002E6 /* LaunchScreen.storyboard */,
			);
			name = InterfaceBuilder;
			sourceTree = "<group>";
		};
		2FFAD4DA1C8D54B100894949 /* Networking */ = {
			isa = PBXGroup;
			children = (
				9729D5E41C8A2F7F009002E6 /* PNInstagramPhotoManager.swift */,
				2FFAD4E21C8D571500894949 /* PNInstagramSessionManager.swift */,
				2FFAD4E41C8D577600894949 /* PNDownloadManager.swift */,
			);
			name = Networking;
			sourceTree = "<group>";
		};
		2FFAD4DB1C8D551F00894949 /* DataModels */ = {
			isa = PBXGroup;
			children = (
				2FFAD4DC1C8D553700894949 /* PNInstagramPhotoModel.swift */,
				2FFAD4DE1C8D564100894949 /* CLLocationCoordinate2D+Extension.swift */,
				2F3BEFC61C8A831600337F18 /* Meter.swift */,
			);
			name = DataModels;
			sourceTree = "<group>";
		};
		9729D5B21C89F306009002E6 = {
			isa = PBXGroup;
			children = (
				9729D5E81C8A306C009002E6 /* MapKit.framework */,
				9729D5BD1C89F306009002E6 /* PicsNearMe */,
				9729D5D21C89F306009002E6 /* PicsNearMeTests */,
				9729D5BC1C89F306009002E6 /* Products */,
			);
			sourceTree = "<group>";
		};
		9729D5BC1C89F306009002E6 /* Products */ = {
			isa = PBXGroup;
			children = (
				9729D5BB1C89F306009002E6 /* PicsNearMe.app */,
				9729D5CF1C89F306009002E6 /* PicsNearMeTests.xctest */,
			);
			name = Products;
			sourceTree = "<group>";
		};
		9729D5BD1C89F306009002E6 /* PicsNearMe */ = {
			isa = PBXGroup;
			children = (
				2FFAD4DB1C8D551F00894949 /* DataModels */,
				2FFAD4D61C8D543400894949 /* Utility */,
				2FFAD4DA1C8D54B100894949 /* Networking */,
				2FFAD4D71C8D544800894949 /* Controllers */,
				2FFAD4D81C8D545A00894949 /* Views */,
				2FFAD4D91C8D547B00894949 /* InterfaceBuilder */,
				9729D5C51C89F306009002E6 /* Assets.xcassets */,
				9729D5BE1C89F306009002E6 /* AppDelegate.swift */,
				9729D5CA1C89F306009002E6 /* Info.plist */,
				9729D5EA1C8A3717009002E6 /* PicsNearMe-Bridging-Header.h */,
			);
			path = PicsNearMe;
			sourceTree = "<group>";
		};
		9729D5D21C89F306009002E6 /* PicsNearMeTests */ = {
			isa = PBXGroup;
			children = (
				9729D5D31C89F306009002E6 /* PNInstagramPhotoModel_Tests.swift */,
				9729D5D51C89F306009002E6 /* Info.plist */,
			);
			path = PicsNearMeTests;
			sourceTree = "<group>";
		};
/* End PBXGroup section */

/* Begin PBXNativeTarget section */
		9729D5BA1C89F306009002E6 /* PicsNearMe */ = {
			isa = PBXNativeTarget;
			buildConfigurationList = 9729D5D81C89F306009002E6 /* Build configuration list for PBXNativeTarget "PicsNearMe" */;
			buildPhases = (
				9729D5B71C89F306009002E6 /* Sources */,
				9729D5B81C89F306009002E6 /* Frameworks */,
				9729D5B91C89F306009002E6 /* Resources */,
			);
			buildRules = (
			);
			dependencies = (
			);
			name = PicsNearMe;
			productName = PicsNearMe;
			productReference = 9729D5BB1C89F306009002E6 /* PicsNearMe.app */;
			productType = "com.apple.product-type.application";
		};
		9729D5CE1C89F306009002E6 /* PicsNearMeTests */ = {
			isa = PBXNativeTarget;
			buildConfigurationList = 9729D5DB1C89F306009002E6 /* Build configuration list for PBXNativeTarget "PicsNearMeTests" */;
			buildPhases = (
				9729D5CB1C89F306009002E6 /* Sources */,
				9729D5CC1C89F306009002E6 /* Frameworks */,
				9729D5CD1C89F306009002E6 /* Resources */,
			);
			buildRules = (
			);
			dependencies = (
				9729D5D11C89F306009002E6 /* PBXTargetDependency */,
			);
			name = PicsNearMeTests;
			productName = PicsNearMeTests;
			productReference = 9729D5CF1C89F306009002E6 /* PicsNearMeTests.xctest */;
			productType = "com.apple.product-type.bundle.unit-test";
		};
/* End PBXNativeTarget section */

/* Begin PBXProject section */
		9729D5B31C89F306009002E6 /* Project object */ = {
			isa = PBXProject;
			attributes = {
				LastSwiftUpdateCheck = 0720;
				LastUpgradeCheck = 0720;
				ORGANIZATIONNAME = dnthome;
				TargetAttributes = {
					9729D5BA1C89F306009002E6 = {
						CreatedOnToolsVersion = 7.2;
					};
					9729D5CE1C89F306009002E6 = {
						CreatedOnToolsVersion = 7.2;
						TestTargetID = 9729D5BA1C89F306009002E6;
					};
				};
			};
			buildConfigurationList = 9729D5B61C89F306009002E6 /* Build configuration list for PBXProject "PicsNearMe" */;
			compatibilityVersion = "Xcode 3.2";
			developmentRegion = English;
			hasScannedForEncodings = 0;
			knownRegions = (
				en,
				Base,
			);
			mainGroup = 9729D5B21C89F306009002E6;
			productRefGroup = 9729D5BC1C89F306009002E6 /* Products */;
			projectDirPath = "";
			projectRoot = "";
			targets = (
				9729D5BA1C89F306009002E6 /* PicsNearMe */,
				9729D5CE1C89F306009002E6 /* PicsNearMeTests */,
			);
		};
/* End PBXProject section */

/* Begin PBXResourcesBuildPhase section */
		9729D5B91C89F306009002E6 /* Resources */ = {
			isa = PBXResourcesBuildPhase;
			buildActionMask = 2147483647;
			files = (
				9729D5C91C89F306009002E6 /* LaunchScreen.storyboard in Resources */,
				2F3BEFCB1C8B951C00337F18 /* PNMapSliderView.xib in Resources */,
				9729D5C61C89F306009002E6 /* Assets.xcassets in Resources */,
				9729D5C41C89F306009002E6 /* Main.storyboard in Resources */,
				9729D5E11C89F3FC009002E6 /* PNPicCellView.xib in Resources */,
			);
			runOnlyForDeploymentPostprocessing = 0;
		};
		9729D5CD1C89F306009002E6 /* Resources */ = {
			isa = PBXResourcesBuildPhase;
			buildActionMask = 2147483647;
			files = (
			);
			runOnlyForDeploymentPostprocessing = 0;
		};
/* End PBXResourcesBuildPhase section */

/* Begin PBXSourcesBuildPhase section */
		9729D5B71C89F306009002E6 /* Sources */ = {
			isa = PBXSourcesBuildPhase;
			buildActionMask = 2147483647;
			files = (
				9729D5E31C8A2D58009002E6 /* PNCommon.swift in Sources */,
				9729D5DF1C89F3E0009002E6 /* PNPicCellView.swift in Sources */,
				2F0E1C7C1C8BA86E004B1796 /* PNLoginScreenViewController.swift in Sources */,
				2FFAD4E51C8D577600894949 /* PNDownloadManager.swift in Sources */,
				2FFAD4DF1C8D564100894949 /* CLLocationCoordinate2D+Extension.swift in Sources */,
				2FFAD4DD1C8D553700894949 /* PNInstagramPhotoModel.swift in Sources */,
				2F3BEFC91C8B916A00337F18 /* PNMapSliderView.swift in Sources */,
				2FFAD4E31C8D571500894949 /* PNInstagramSessionManager.swift in Sources */,
				2FFAD4E11C8D56BF00894949 /* UIView+Extension.swift in Sources */,
				2F3BEFC71C8A831600337F18 /* Meter.swift in Sources */,
				2F3BEFC51C8A665800337F18 /* PNCollectionViewController.swift in Sources */,
				9729D5E51C8A2F7F009002E6 /* PNInstagramPhotoManager.swift in Sources */,
				9729D5C11C89F306009002E6 /* PNMapViewController.swift in Sources */,
				9729D5BF1C89F306009002E6 /* AppDelegate.swift in Sources */,
			);
			runOnlyForDeploymentPostprocessing = 0;
		};
		9729D5CB1C89F306009002E6 /* Sources */ = {
			isa = PBXSourcesBuildPhase;
			buildActionMask = 2147483647;
			files = (
				9729D5D41C89F306009002E6 /* PNInstagramPhotoModel_Tests.swift in Sources */,
			);
			runOnlyForDeploymentPostprocessing = 0;
		};
/* End PBXSourcesBuildPhase section */

/* Begin PBXTargetDependency section */
		9729D5D11C89F306009002E6 /* PBXTargetDependency */ = {
			isa = PBXTargetDependency;
			target = 9729D5BA1C89F306009002E6 /* PicsNearMe */;
			targetProxy = 9729D5D01C89F306009002E6 /* PBXContainerItemProxy */;
		};
/* End PBXTargetDependency section */

/* Begin PBXVariantGroup section */
		9729D5C21C89F306009002E6 /* Main.storyboard */ = {
			isa = PBXVariantGroup;
			children = (
				9729D5C31C89F306009002E6 /* Base */,
			);
			name = Main.storyboard;
			sourceTree = "<group>";
		};
		9729D5C71C89F306009002E6 /* LaunchScreen.storyboard */ = {
			isa = PBXVariantGroup;
			children = (
				9729D5C81C89F306009002E6 /* Base */,
			);
			name = LaunchScreen.storyboard;
			sourceTree = "<group>";
		};
/* End PBXVariantGroup section */

/* Begin XCBuildConfiguration section */
		9729D5D61C89F306009002E6 /* Debug */ = {
			isa = XCBuildConfiguration;
			buildSettings = {
				ALWAYS_SEARCH_USER_PATHS = NO;
				CLANG_CXX_LANGUAGE_STANDARD = "gnu++0x";
				CLANG_CXX_LIBRARY = "libc++";
				CLANG_ENABLE_MODULES = YES;
				CLANG_ENABLE_OBJC_ARC = YES;
				CLANG_WARN_BOOL_CONVERSION = YES;
				CLANG_WARN_CONSTANT_CONVERSION = YES;
				CLANG_WARN_DIRECT_OBJC_ISA_USAGE = YES_ERROR;
				CLANG_WARN_EMPTY_BODY = YES;
				CLANG_WARN_ENUM_CONVERSION = YES;
				CLANG_WARN_INT_CONVERSION = YES;
				CLANG_WARN_OBJC_ROOT_CLASS = YES_ERROR;
				CLANG_WARN_UNREACHABLE_CODE = YES;
				CLANG_WARN__DUPLICATE_METHOD_MATCH = YES;
				"CODE_SIGN_IDENTITY[sdk=iphoneos*]" = "iPhone Developer";
				COPY_PHASE_STRIP = NO;
				DEBUG_INFORMATION_FORMAT = dwarf;
				ENABLE_STRICT_OBJC_MSGSEND = YES;
				ENABLE_TESTABILITY = YES;
				GCC_C_LANGUAGE_STANDARD = gnu99;
				GCC_DYNAMIC_NO_PIC = NO;
				GCC_NO_COMMON_BLOCKS = YES;
				GCC_OPTIMIZATION_LEVEL = 0;
				GCC_PREPROCESSOR_DEFINITIONS = (
					"DEBUG=1",
					"$(inherited)",
				);
				GCC_WARN_64_TO_32_BIT_CONVERSION = YES;
				GCC_WARN_ABOUT_RETURN_TYPE = YES_ERROR;
				GCC_WARN_UNDECLARED_SELECTOR = YES;
				GCC_WARN_UNINITIALIZED_AUTOS = YES_AGGRESSIVE;
				GCC_WARN_UNUSED_FUNCTION = YES;
				GCC_WARN_UNUSED_VARIABLE = YES;
				IPHONEOS_DEPLOYMENT_TARGET = 9.2;
				MTL_ENABLE_DEBUG_INFO = YES;
				ONLY_ACTIVE_ARCH = YES;
				SDKROOT = iphoneos;
				SWIFT_OPTIMIZATION_LEVEL = "-Onone";
				TARGETED_DEVICE_FAMILY = "1,2";
			};
			name = Debug;
		};
		9729D5D71C89F306009002E6 /* Release */ = {
			isa = XCBuildConfiguration;
			buildSettings = {
				ALWAYS_SEARCH_USER_PATHS = NO;
				CLANG_CXX_LANGUAGE_STANDARD = "gnu++0x";
				CLANG_CXX_LIBRARY = "libc++";
				CLANG_ENABLE_MODULES = YES;
				CLANG_ENABLE_OBJC_ARC = YES;
				CLANG_WARN_BOOL_CONVERSION = YES;
				CLANG_WARN_CONSTANT_CONVERSION = YES;
				CLANG_WARN_DIRECT_OBJC_ISA_USAGE = YES_ERROR;
				CLANG_WARN_EMPTY_BODY = YES;
				CLANG_WARN_ENUM_CONVERSION = YES;
				CLANG_WARN_INT_CONVERSION = YES;
				CLANG_WARN_OBJC_ROOT_CLASS = YES_ERROR;
				CLANG_WARN_UNREACHABLE_CODE = YES;
				CLANG_WARN__DUPLICATE_METHOD_MATCH = YES;
				"CODE_SIGN_IDENTITY[sdk=iphoneos*]" = "iPhone Developer";
				COPY_PHASE_STRIP = NO;
				DEBUG_INFORMATION_FORMAT = "dwarf-with-dsym";
				ENABLE_NS_ASSERTIONS = NO;
				ENABLE_STRICT_OBJC_MSGSEND = YES;
				GCC_C_LANGUAGE_STANDARD = gnu99;
				GCC_NO_COMMON_BLOCKS = YES;
				GCC_WARN_64_TO_32_BIT_CONVERSION = YES;
				GCC_WARN_ABOUT_RETURN_TYPE = YES_ERROR;
				GCC_WARN_UNDECLARED_SELECTOR = YES;
				GCC_WARN_UNINITIALIZED_AUTOS = YES_AGGRESSIVE;
				GCC_WARN_UNUSED_FUNCTION = YES;
				GCC_WARN_UNUSED_VARIABLE = YES;
				IPHONEOS_DEPLOYMENT_TARGET = 9.2;
				MTL_ENABLE_DEBUG_INFO = NO;
				SDKROOT = iphoneos;
				TARGETED_DEVICE_FAMILY = "1,2";
				VALIDATE_PRODUCT = YES;
			};
			name = Release;
		};
		9729D5D91C89F306009002E6 /* Debug */ = {
			isa = XCBuildConfiguration;
			buildSettings = {
				ASSETCATALOG_COMPILER_APPICON_NAME = AppIcon;
				INFOPLIST_FILE = PicsNearMe/Info.plist;
				LD_RUNPATH_SEARCH_PATHS = "$(inherited) @executable_path/Frameworks";
				PRODUCT_BUNDLE_IDENTIFIER = com.dnthome.PicsNearMe;
				PRODUCT_NAME = "$(TARGET_NAME)";
				SWIFT_OBJC_BRIDGING_HEADER = "PicsNearMe/PicsNearMe-Bridging-Header.h";
			};
			name = Debug;
		};
		9729D5DA1C89F306009002E6 /* Release */ = {
			isa = XCBuildConfiguration;
			buildSettings = {
				ASSETCATALOG_COMPILER_APPICON_NAME = AppIcon;
				INFOPLIST_FILE = PicsNearMe/Info.plist;
				LD_RUNPATH_SEARCH_PATHS = "$(inherited) @executable_path/Frameworks";
				PRODUCT_BUNDLE_IDENTIFIER = com.dnthome.PicsNearMe;
				PRODUCT_NAME = "$(TARGET_NAME)";
				SWIFT_OBJC_BRIDGING_HEADER = "PicsNearMe/PicsNearMe-Bridging-Header.h";
			};
			name = Release;
		};
		9729D5DC1C89F306009002E6 /* Debug */ = {
			isa = XCBuildConfiguration;
			buildSettings = {
				BUNDLE_LOADER = "$(TEST_HOST)";
				INFOPLIST_FILE = PicsNearMeTests/Info.plist;
				LD_RUNPATH_SEARCH_PATHS = "$(inherited) @executable_path/Frameworks @loader_path/Frameworks";
				PRODUCT_BUNDLE_IDENTIFIER = com.dnthome.PicsNearMeTests;
				PRODUCT_NAME = "$(TARGET_NAME)";
				TEST_HOST = "$(BUILT_PRODUCTS_DIR)/PicsNearMe.app/PicsNearMe";
			};
			name = Debug;
		};
		9729D5DD1C89F306009002E6 /* Release */ = {
			isa = XCBuildConfiguration;
			buildSettings = {
				BUNDLE_LOADER = "$(TEST_HOST)";
				INFOPLIST_FILE = PicsNearMeTests/Info.plist;
				LD_RUNPATH_SEARCH_PATHS = "$(inherited) @executable_path/Frameworks @loader_path/Frameworks";
				PRODUCT_BUNDLE_IDENTIFIER = com.dnthome.PicsNearMeTests;
				PRODUCT_NAME = "$(TARGET_NAME)";
				TEST_HOST = "$(BUILT_PRODUCTS_DIR)/PicsNearMe.app/PicsNearMe";
			};
			name = Release;
		};
/* End XCBuildConfiguration section */

/* Begin XCConfigurationList section */
		9729D5B61C89F306009002E6 /* Build configuration list for PBXProject "PicsNearMe" */ = {
			isa = XCConfigurationList;
			buildConfigurations = (
				9729D5D61C89F306009002E6 /* Debug */,
				9729D5D71C89F306009002E6 /* Release */,
			);
			defaultConfigurationIsVisible = 0;
			defaultConfigurationName = Release;
		};
		9729D5D81C89F306009002E6 /* Build configuration list for PBXNativeTarget "PicsNearMe" */ = {
			isa = XCConfigurationList;
			buildConfigurations = (
				9729D5D91C89F306009002E6 /* Debug */,
				9729D5DA1C89F306009002E6 /* Release */,
			);
			defaultConfigurationIsVisible = 0;
			defaultConfigurationName = Release;
		};
		9729D5DB1C89F306009002E6 /* Build configuration list for PBXNativeTarget "PicsNearMeTests" */ = {
			isa = XCConfigurationList;
			buildConfigurations = (
				9729D5DC1C89F306009002E6 /* Debug */,
				9729D5DD1C89F306009002E6 /* Release */,
			);
			defaultConfigurationIsVisible = 0;
			defaultConfigurationName = Release;
		};
/* End XCConfigurationList section */
	};
	rootObject = 9729D5B31C89F306009002E6 /* Project object */;
}
